
Microsoft Visual Studio Solution File, Format Version 12.00
# Visual Studio Version 17
VisualStudioVersion = 17.8.34525.116
MinimumVisualStudioVersion = 10.0.40219.1
Project("{FAE04EC0-301F-11D3-BF4B-00C04F79EFBC}") = "ConsoleApp39", "ConsoleApp39.csproj", "{07A6C25E-9193-4281-BF3A-482A12401930}"
EndProject
Global
	GlobalSection(SolutionConfigurationPlatforms) = preSolution
		Debug|Any CPU = Debug|Any CPU
		Release|Any CPU = Release|Any CPU
	EndGlobalSection
	GlobalSection(ProjectConfigurationPlatforms) = postSolution
		{07A6C25E-9193-4281-BF3A-482A12401930}.Debug|Any CPU.ActiveCfg = Debug|Any CPU
		{07A6C25E-9193-4281-BF3A-482A12401930}.Debug|Any CPU.Build.0 = Debug|Any CPU
		{07A6C25E-9193-4281-BF3A-482A12401930}.Release|Any CPU.ActiveCfg = Release|Any CPU
		{07A6C25E-9193-4281-BF3A-482A12401930}.Release|Any CPU.Build.0 = Release|Any CPU
	EndGlobalSection
	GlobalSection(SolutionProperties) = preSolution
		HideSolutionNode = FALSE
	EndGlobalSection
	GlobalSection(ExtensibilityGlobals) = postSolution
		SolutionGuid = {9E81BDEA-C1B8-43B8-906B-F287D4BCA08A}
	EndGlobalSection
EndGlobal
